# THIS IS AN AUTOGENERATED FILE. DO NOT EDIT THIS FILE DIRECTLY.
# yarn lockfile v1


bootstrap@3:
  version "3.4.0"
  resolved "http://registry.npm.taobao.org/bootstrap/download/bootstrap-3.4.0.tgz#f8d77540dd3062283d2ae7687e21c1e691961640"
  integrity sha1-+Nd1QN0wYig9KudofiHB5pGWFkA=

jquery@1:
  version "1.12.4"
  resolved "http://registry.npm.taobao.org/jquery/download/jquery-1.12.4.tgz#01e1dfba290fe73deba77ceeacb0f9ba2fec9e0c"
  integrity sha1-AeHfuikP5z3rp3zurLD5ui/sngw=

uniq@^1.0.1:
  version "1.0.1"
  resolved "http://registry.npm.taobao.org/uniq/download/uniq-1.0.1.tgz#b31c5ae8254844a3a8281541ce2b04b865a734ff"
  integrity sha1-sxxa6CVIRKOoKBVBzisEuGWnNP8=
